schema: '2.0'
stages:
  prepare:
    cmd: python src/prepare.py data/data.xml
    deps:
    - path: data/data.xml
      md5: a304afb96060aad90176268345e10355
      size: 37891850
    - path: src/prepare.py
      md5: 51549a1c87b182ebdd785704f56ffaf1
      size: 1581
    params:
      params.yaml:
        prepare.seed: 201906132
        prepare.split: 0.2
    outs:
    - path: data/prepared
      md5: 3ee2cb061116d520ea34565c4650be22.dir
      size: 23861319
      nfiles: 2
  featurize:
    cmd: python src/featurization.py data/prepared data/features
    deps:
    - path: data/prepared
      md5: 3ee2cb061116d520ea34565c4650be22.dir
      size: 23861319
      nfiles: 2
    - path: src/featurization.py
      md5: 61c592707fd1b33e27819c87cf93f80a
      size: 2391
    params:
      params.yaml:
        featurize.max_features: 3000
        featurize.ngrams: 4
    outs:
    - path: data/features
      md5: 105862fc7d6c26eac80010748ab894aa.dir
      size: 13658724
      nfiles: 2
  train:
    cmd: python src/train.py data/features model.pkl
    deps:
    - path: data/features
      md5: 105862fc7d6c26eac80010748ab894aa.dir
      size: 13658724
      nfiles: 2
    - path: src/train.py
      md5: 9ab95496b29b6ea3418bbf20b9fe3473
      size: 964
    params:
      params.yaml:
        train.min_split: 64
        train.n_est: 100
        train.seed: 20170428
    outs:
    - path: model.pkl
      md5: 0c4eac97581ac0eb0d9f664d9972938b
      size: 2348056
  evaluate:
    cmd: python src/evaluate.py model.pkl data/features scores.json prc.json roc.json
    deps:
    - path: data/features
      md5: 105862fc7d6c26eac80010748ab894aa.dir
      size: 13658724
      nfiles: 2
    - path: model.pkl
      md5: 0c4eac97581ac0eb0d9f664d9972938b
      size: 2348056
    - path: src/evaluate.py
      md5: fb7b5209c9237ea6cf63550e5fe9b817
      size: 1943
    outs:
    - path: prc.json
      md5: e0dac59e4540e4ed31759695c6061e97
      size: 136824
    - path: roc.json
      md5: 3a4175f2711c182c5949ecb8b1054407
      size: 46870
    - path: scores.json
      md5: 772952d5e673b856059dcef45ad7a50a
      size: 73
