schema: '2.0'
stages:
  prepare:
    cmd: python src/prepare.py data/data.xml
    deps:
    - path: data/data.xml
      md5: a304afb96060aad90176268345e10355
      size: 37891850
    - path: src/prepare.py
      md5: 51549a1c87b182ebdd785704f56ffaf1
      size: 1581
    params:
      params.yaml:
        prepare.seed: 20190613
        prepare.split: 0.2
    outs:
    - path: data/prepared
      md5: 52fb0155b5788696fa188a9b7fa53a68.dir
      size: 23861319
      nfiles: 2
  featurize:
    cmd: python src/featurization.py data/prepared data/features
    deps:
    - path: data/prepared
      md5: 52fb0155b5788696fa188a9b7fa53a68.dir
      size: 23861319
      nfiles: 2
    - path: src/featurization.py
      md5: 61c592707fd1b33e27819c87cf93f80a
      size: 2391
    params:
      params.yaml:
        featurize.max_features: 3000
        featurize.ngrams: 3
    outs:
    - path: data/features
      md5: ef77f223db121f202ed03eae72f74c81.dir
      size: 13420968
      nfiles: 2
  train:
    cmd: python src/train.py data/features model.pkl
    deps:
    - path: data/features
      md5: ef77f223db121f202ed03eae72f74c81.dir
      size: 13420968
      nfiles: 2
    - path: src/train.py
      md5: 9ab95496b29b6ea3418bbf20b9fe3473
      size: 964
    params:
      params.yaml:
        train.min_split: 64
        train.n_est: 100
        train.seed: 20170428
    outs:
    - path: model.pkl
      md5: 5120854fde52daabd668aa89a2bce960
      size: 2231239
  evaluate:
    cmd: python src/evaluate.py model.pkl data/features scores.json prc.json roc.json
    deps:
    - path: data/features
      md5: ef77f223db121f202ed03eae72f74c81.dir
      size: 13420968
      nfiles: 2
    - path: model.pkl
      md5: 5120854fde52daabd668aa89a2bce960
      size: 2231239
    - path: src/evaluate.py
      md5: fb7b5209c9237ea6cf63550e5fe9b817
      size: 1943
    outs:
    - path: prc.json
      md5: b064aca57cec9ef867dbe8fb5638a88c
      size: 151817
    - path: roc.json
      md5: 8f144606c14d88ef317524d3e60b7ec0
      size: 56714
    - path: scores.json
      md5: f4d1aedb684b0c43ff3610424b47dab7
      size: 74
